{
  "pins" : [
    {
      "identity" : "swiftybeaver",
      "kind" : "remoteSourceControl",
      "location" : "https://github.com/SwiftyBeaver/SwiftyBeaver",
      "state" : {
        "revision" : "12b5acf96d98f91d50de447369bd18df74600f1a",
        "version" : "1.9.6"
      }
    },
    {
      "identity" : "wireguard-apple",
      "kind" : "remoteSourceControl",
      "location" : "https://github.com/iOS-TH-Team/wireguard-apple",
      "state" : {
        "branch" : "main",
        "revision" : "473dc3040cd4a2a9b713ca1db6734946bc56bbed"
      }
    }
  ],
  "version" : 2
}
